{
  "requires": true,
  "lockfileVersion": 1,
  "dependencies": {
    "@fluentui/date-time-utilities": {
      "version": "7.3.0",
      "resolved": "https://registry.npmjs.org/@fluentui/date-time-utilities/-/date-time-utilities-7.3.0.tgz",
      "integrity": "sha512-VymHB/GFaQM6LebrLHuPrHgk6Ra85CNjMB4+R8MAkna04w3sf07ivTfBUO3eLhAfxuW9YmlB7um8eavHq2xoDw==",
      "requires": {
        "@uifabric/set-version": "^7.0.18",
        "tslib": "^1.10.0"
      }
    },
    "@fluentui/keyboard-key": {
      "version": "0.2.7",
      "resolved": "https://registry.npmjs.org/@fluentui/keyboard-key/-/keyboard-key-0.2.7.tgz",
      "integrity": "sha512-NX6BPT/hXOocYCksnqSw3gTFwaMHaIsaqfe6ZbGZpfBIN4idwhVUYDLwcyjUx0FmUJoWfaVsa61fbelg35USiA==",
      "requires": {
        "tslib": "^1.10.0"
      }
    },
    "@fluentui/react-focus": {
      "version": "7.12.25",
      "resolved": "https://registry.npmjs.org/@fluentui/react-focus/-/react-focus-7.12.25.tgz",
      "integrity": "sha512-NRh5HXNJ7X52I48B+SJGOM0X8vqpoD4NO8KlBpcDJFwN3VV/5Mi5BGRUq87rpbpKdPB2q4Ni3o8E2LB4qQmL0A==",
      "requires": {
        "@fluentui/keyboard-key": "^0.2.7",
        "@uifabric/merge-styles": "^7.16.3",
        "@uifabric/set-version": "^7.0.18",
        "@uifabric/styling": "^7.14.5",
        "@uifabric/utilities": "^7.24.5",
        "tslib": "^1.10.0"
      }
    },
    "@fluentui/react-icons": {
      "version": "0.1.40",
      "resolved": "https://registry.npmjs.org/@fluentui/react-icons/-/react-icons-0.1.40.tgz",
      "integrity": "sha512-UFGMeQgajjfFwWtoEvk7eHd6Bye4aeVzOVTVKQ9MWxZZQIzP5gzA8Qk8dMfwSrPV5oplsMlTKijl7kULdY+H6g==",
      "requires": {
        "@microsoft/load-themed-styles": "^1.10.26",
        "@uifabric/set-version": "^7.0.18",
        "@uifabric/utilities": "^7.24.5",
        "tslib": "^1.10.0"
      }
    },
    "@microsoft/load-themed-styles": {
      "version": "1.10.65",
      "resolved": "https://registry.npmjs.org/@microsoft/load-themed-styles/-/load-themed-styles-1.10.65.tgz",
      "integrity": "sha512-4sLbMM9aywtSMRHebh912/6n4/lC/go6QlTbbQfIBBtfy0oQJdDOW1KtfZfSGPggoPiNEzA7xnVsFCFyMnZyEg=="
    },
    "@uifabric/azure-themes": {
      "version": "7.1.48",
      "resolved": "https://registry.npmjs.org/@uifabric/azure-themes/-/azure-themes-7.1.48.tgz",
      "integrity": "sha512-zT/BoG7rc4z+qBFJ3E69SWGTortmlpdIUBZXLbwmE52bnrF1fEUg0jbGUuikI1hwhUwWHuyprsEVQH2g0LfC6A==",
      "requires": {
        "@uifabric/merge-styles": "^7.16.3",
        "@uifabric/set-version": "^7.0.18",
        "office-ui-fabric-react": "^7.123.9",
        "tslib": "^1.10.0"
      }
    },
    "@uifabric/file-type-icons": {
      "version": "7.4.6",
      "resolved": "https://registry.npmjs.org/@uifabric/file-type-icons/-/file-type-icons-7.4.6.tgz",
      "integrity": "sha512-k6zqWW9LNVWGtwdtJGkKrgxTmQO4Jvvv/11vMKg8tqeAIy9YDmhIyc6N1/4QuLtKIMnaSPCIvg8+JNqGXTigfg==",
      "requires": {
        "@uifabric/set-version": "^7.0.18",
        "@uifabric/styling": "^7.14.5",
        "tslib": "^1.10.0"
      }
    },
    "@uifabric/foundation": {
      "version": "7.7.39",
      "resolved": "https://registry.npmjs.org/@uifabric/foundation/-/foundation-7.7.39.tgz",
      "integrity": "sha512-dQvUcSbLFPAiLagn8gxPXMVB+I//3pz6QB313mQaNlOgeSw45S8Hm1b/sy/KoMqHl8zCJRmZInX3IYTpmhKrJQ==",
      "requires": {
        "@uifabric/merge-styles": "^7.16.3",
        "@uifabric/set-version": "^7.0.18",
        "@uifabric/styling": "^7.14.5",
        "@uifabric/utilities": "^7.24.5",
        "tslib": "^1.10.0"
      }
    },
    "@uifabric/icons": {
      "version": "7.3.65",
      "resolved": "https://registry.npmjs.org/@uifabric/icons/-/icons-7.3.65.tgz",
      "integrity": "sha512-aDnuRS1+su/slD4pkIzdZfrDQxYfgosGdildvgIAKX9HSShw4BZKH7KkqenAdmhY3iBZoV5htr+kGFZGiCjWTw==",
      "requires": {
        "@uifabric/set-version": "^7.0.18",
        "@uifabric/styling": "^7.14.5",
        "tslib": "^1.10.0"
      }
    },
    "@uifabric/merge-styles": {
      "version": "7.16.3",
      "resolved": "https://registry.npmjs.org/@uifabric/merge-styles/-/merge-styles-7.16.3.tgz",
      "integrity": "sha512-MmLPDRVbFENixb77K041y9VlSohcULbYXHlolYedNW+KCr1tyu700GunnBwOnWRhKOoKgStvBZZdy5X7ty41xQ==",
      "requires": {
        "@uifabric/set-version": "^7.0.18",
        "tslib": "^1.10.0"
      }
    },
    "@uifabric/react-cards": {
      "version": "0.110.8",
      "resolved": "https://registry.npmjs.org/@uifabric/react-cards/-/react-cards-0.110.8.tgz",
      "integrity": "sha512-fJXsk8o+fs0TQ2oRQYSWD0/9FDQDLExuxvckpP3Hd5NJuDb7NdVNY4Yo/34Wf2gQrcWWo9Yj//UVB0ihEzT0WQ==",
      "requires": {
        "@microsoft/load-themed-styles": "^1.10.26",
        "@uifabric/azure-themes": "^7.1.48",
        "@uifabric/file-type-icons": "^7.4.6",
        "@uifabric/foundation": "^7.7.39",
        "@uifabric/set-version": "^7.0.18",
        "@uifabric/styling": "^7.14.5",
        "@uifabric/theme-samples": "^7.0.111",
        "@uifabric/utilities": "^7.24.5",
        "office-ui-fabric-react": "^7.123.9",
        "tslib": "^1.10.0"
      }
    },
    "@uifabric/react-hooks": {
      "version": "7.6.2",
      "resolved": "https://registry.npmjs.org/@uifabric/react-hooks/-/react-hooks-7.6.2.tgz",
      "integrity": "sha512-ETokkVskutNvaWWGUy6x4bOFyek1/tVfUygG1NyiqNs78S2qfl4Pt8pyZs5PDOcGNfPor5IIKSi519ZmRayCIw==",
      "requires": {
        "@uifabric/set-version": "^7.0.18",
        "@uifabric/utilities": "^7.24.5",
        "tslib": "^1.10.0"
      }
    },
    "@uifabric/set-version": {
      "version": "7.0.18",
      "resolved": "https://registry.npmjs.org/@uifabric/set-version/-/set-version-7.0.18.tgz",
      "integrity": "sha512-W/SD7FzukXw1tz8zeD7fy548as1I048dA9tTnfbWMH9iSAbRG1LWmkw2+4BgyoOcEDumcQlpGY2818+atpndyw==",
      "requires": {
        "tslib": "^1.10.0"
      }
    },
    "@uifabric/styling": {
      "version": "7.14.5",
      "resolved": "https://registry.npmjs.org/@uifabric/styling/-/styling-7.14.5.tgz",
      "integrity": "sha512-9HFZsBMXqW6uilhbL/z9Ih2JwqK0IVM1Z0HYAG9cYOciXvCZ6MUUi08nnkwRq2bkOe6vgaiCovsAh2HkOhb+0Q==",
      "requires": {
        "@microsoft/load-themed-styles": "^1.10.26",
        "@uifabric/merge-styles": "^7.16.3",
        "@uifabric/set-version": "^7.0.18",
        "@uifabric/utilities": "^7.24.5",
        "tslib": "^1.10.0"
      }
    },
    "@uifabric/theme-samples": {
      "version": "7.0.111",
      "resolved": "https://registry.npmjs.org/@uifabric/theme-samples/-/theme-samples-7.0.111.tgz",
      "integrity": "sha512-l7scixjaGbWrB7ko25d4ORab8KCFfI8opV0nLbyh8UR2g8Wq1+cnsG8AGEKW8Y+vG/Hl+QU+9O4TwSs0qADs4w==",
      "requires": {
        "@uifabric/set-version": "^7.0.18",
        "@uifabric/variants": "^7.1.101",
        "office-ui-fabric-react": "^7.123.9",
        "tslib": "^1.10.0"
      }
    },
    "@uifabric/utilities": {
      "version": "7.24.5",
      "resolved": "https://registry.npmjs.org/@uifabric/utilities/-/utilities-7.24.5.tgz",
      "integrity": "sha512-pg8pzEwNoytofrcTx0LHBm9NZNgyJqTiF6AQV0sRbL1eF27sxGZXb9PD7PBWv0rRJ79Q0xyEr4PiEsLZ2k/d5w==",
      "requires": {
        "@uifabric/merge-styles": "^7.16.3",
        "@uifabric/set-version": "^7.0.18",
        "prop-types": "^15.7.2",
        "tslib": "^1.10.0"
      }
    },
    "@uifabric/variants": {
      "version": "7.1.101",
      "resolved": "https://registry.npmjs.org/@uifabric/variants/-/variants-7.1.101.tgz",
      "integrity": "sha512-sAfjS1GaWu+qtm7YUeXz4s+hEkwIIBzzM/9QKnR6yG+mThZF5ls86OUouBkG2WSFQbJMlU7YvIbkivCVteNwSg==",
      "requires": {
        "@uifabric/set-version": "^7.0.18",
        "office-ui-fabric-react": "^7.123.9",
        "tslib": "^1.10.0"
      }
    },
    "js-tokens": {
      "version": "4.0.0",
      "resolved": "https://registry.npmjs.org/js-tokens/-/js-tokens-4.0.0.tgz",
      "integrity": "sha512-RdJUflcE3cUzKiMqQgsCu06FPu9UdIJO0beYbPhHN4k6apgJtifcoCtT9bcxOpYBtpD2kCM6Sbzg4CausW/PKQ=="
    },
    "loose-envify": {
      "version": "1.4.0",
      "resolved": "https://registry.npmjs.org/loose-envify/-/loose-envify-1.4.0.tgz",
      "integrity": "sha512-lyuxPGr/Wfhrlem2CL/UcnUc1zcqKAImBDzukY7Y5F/yQiNdko6+fRLevlw1HgMySw7f611UIY408EtxRSoK3Q==",
      "requires": {
        "js-tokens": "^3.0.0 || ^4.0.0"
      }
    },
    "object-assign": {
      "version": "4.1.1",
      "resolved": "https://registry.npmjs.org/object-assign/-/object-assign-4.1.1.tgz",
      "integrity": "sha1-IQmtx5ZYh8/AXLvUQsrIv7s2CGM="
    },
    "office-ui-fabric-react": {
      "version": "7.123.9",
      "resolved": "https://registry.npmjs.org/office-ui-fabric-react/-/office-ui-fabric-react-7.123.9.tgz",
      "integrity": "sha512-ylnWbPE22MUoRcMWzyyN5SLXbkSo5qblUWYU6MHu2Dh1BOwQNFWh2VwWgDykcT4szk0cYwaBrK5TBInCvdc0Dw==",
      "requires": {
        "@fluentui/date-time-utilities": "^7.3.0",
        "@fluentui/react-focus": "^7.12.25",
        "@fluentui/react-icons": "^0.1.40",
        "@microsoft/load-themed-styles": "^1.10.26",
        "@uifabric/foundation": "^7.7.39",
        "@uifabric/icons": "^7.3.65",
        "@uifabric/merge-styles": "^7.16.3",
        "@uifabric/react-hooks": "^7.6.2",
        "@uifabric/set-version": "^7.0.18",
        "@uifabric/styling": "^7.14.5",
        "@uifabric/utilities": "^7.24.5",
        "prop-types": "^15.7.2",
        "tslib": "^1.10.0"
      }
    },
    "prop-types": {
      "version": "15.7.2",
      "resolved": "https://registry.npmjs.org/prop-types/-/prop-types-15.7.2.tgz",
      "integrity": "sha512-8QQikdH7//R2vurIJSutZ1smHYTcLpRWEOlHnzcWHmBYrOGUysKwSsrC89BCiFj3CbrfJ/nXFdJepOVrY1GCHQ==",
      "requires": {
        "loose-envify": "^1.4.0",
        "object-assign": "^4.1.1",
        "react-is": "^16.8.1"
      }
    },
    "react-is": {
      "version": "16.13.1",
      "resolved": "https://registry.npmjs.org/react-is/-/react-is-16.13.1.tgz",
      "integrity": "sha512-24e6ynE2H+OKt4kqsOvNd8kBpV65zoxbA4BVsEOB3ARVWQki/DHzaUoC5KuON/BiccDaCCTZBuOcfZs70kR8bQ=="
    },
    "tslib": {
      "version": "1.13.0",
      "resolved": "https://registry.npmjs.org/tslib/-/tslib-1.13.0.tgz",
      "integrity": "sha512-i/6DQjL8Xf3be4K/E6Wgpekn5Qasl1usyw++dAA35Ue5orEn65VIxOA+YvNNl9HV3qv70T7CNwjODHZrLwvd1Q=="
    }
  }
}
